
Microsoft Visual Studio Solution File, Format Version 12.00
# Visual Studio Version 16
VisualStudioVersion = 16.0.29411.108
MinimumVisualStudioVersion = 10.0.40219.1
Project("{FAE04EC0-301F-11D3-BF4B-00C04F79EFBC}") = "GridMvc.UI", "GridMvc.UI\GridMvc.UI.csproj", "{DC2AC9E5-3E22-464C-91FC-05A6625C8A64}"
EndProject
Global
	GlobalSection(SolutionConfigurationPlatforms) = preSolution
		Debug|Any CPU = Debug|Any CPU
		Release|Any CPU = Release|Any CPU
	EndGlobalSection
	GlobalSection(ProjectConfigurationPlatforms) = postSolution
		{DC2AC9E5-3E22-464C-91FC-05A6625C8A64}.Debug|Any CPU.ActiveCfg = Debug|Any CPU
		{DC2AC9E5-3E22-464C-91FC-05A6625C8A64}.Debug|Any CPU.Build.0 = Debug|Any CPU
		{DC2AC9E5-3E22-464C-91FC-05A6625C8A64}.Release|Any CPU.ActiveCfg = Release|Any CPU
		{DC2AC9E5-3E22-464C-91FC-05A6625C8A64}.Release|Any CPU.Build.0 = Release|Any CPU
	EndGlobalSection
	GlobalSection(SolutionProperties) = preSolution
		HideSolutionNode = FALSE
	EndGlobalSection
	GlobalSection(ExtensibilityGlobals) = postSolution
		SolutionGuid = {29E6F10A-7316-454F-B3BE-17A15A82A89D}
	EndGlobalSection
EndGlobal
